
Microsoft Visual Studio Solution File, Format Version 12.00
Project("{2150E333-8FDC-42A3-9474-1A3956D46DE8}") = "Task0", "Task0", "{D617A409-5E98-4F18-9AE3-2017542F9063}"
EndProject
Project("{FAE04EC0-301F-11D3-BF4B-00C04F79EFBC}") = "Tyuiu.AsaulukDF.Sprint0.Task0.V0", "Tyuiu.AsaulukDF.Sprint0.Task0.V0\Tyuiu.AsaulukDF.Sprint0.Task0.V0.csproj", "{D971EA37-3896-47B8-BD06-D65A60D09D9A}"
EndProject
Project("{2150E333-8FDC-42A3-9474-1A3956D46DE8}") = "Task1", "Task1", "{E275C187-8208-4D7B-A703-55944E3022C2}"
EndProject
Project("{FAE04EC0-301F-11D3-BF4B-00C04F79EFBC}") = "Tyuiu.AsaulukDF.Sprint0.Task1.V0", "Tyuiu.AsaulukDF.Sprint0.Task1.V0\Tyuiu.AsaulukDF.Sprint0.Task1.V0.csproj", "{0D0CB0A1-A731-444E-95FD-1FC501E949B8}"
EndProject
Project("{2150E333-8FDC-42A3-9474-1A3956D46DE8}") = "Task2", "Task2", "{82FDCC3B-B576-4DE7-BF81-AB18A1AEC535}"
EndProject
Project("{FAE04EC0-301F-11D3-BF4B-00C04F79EFBC}") = "Tyuiu.AsaulukDF.Sprint0.Task2.V0", "Tyuiu.AsaulukDF.Sprint0.Task2.V0\Tyuiu.AsaulukDF.Sprint0.Task2.V0.csproj", "{11B88BBA-1B39-4088-8FCB-40F3E38BFBE3}"
EndProject
Project("{FAE04EC0-301F-11D3-BF4B-00C04F79EFBC}") = "Tyuiu.AsaulukDF.Sprint0.Task2.V0.Lib", "Tyuiu.AsaulukDF.Sprint0.Task2.V0.Lib\Tyuiu.AsaulukDF.Sprint0.Task2.V0.Lib.csproj", "{F642FFC3-CB32-43A8-A535-B7EBBE2FD2C6}"
EndProject
Project("{FAE04EC0-301F-11D3-BF4B-00C04F79EFBC}") = "Tyuiu.AsaulukDF.Sprint0.Task2.V0.Test", "Tyuiu.AsaulukDF.Sprint0.Task2.V0.Test\Tyuiu.AsaulukDF.Sprint0.Task2.V0.Test.csproj", "{906C4030-1C90-4804-B2D8-A1C63F5921F7}"
EndProject
Project("{2150E333-8FDC-42A3-9474-1A3956D46DE8}") = "Task3", "Task3", "{3AD84645-52B2-4F59-8ED2-FB764660F635}"
EndProject
Project("{FAE04EC0-301F-11D3-BF4B-00C04F79EFBC}") = "Tyuiu.AsaulukDF.Sprint0.Task3.V0.Lib", "Tyuiu.AsaulukDF.Sprint0.Task3.V0.Lib\Tyuiu.AsaulukDF.Sprint0.Task3.V0.Lib.csproj", "{8E0A90CC-F804-4100-99F3-D685436BCB76}"
EndProject
Project("{FAE04EC0-301F-11D3-BF4B-00C04F79EFBC}") = "Tyuiu.AsaulukDF.Sprint0.Task3.V0.Test", "Tyuiu.AsaulukDF.Sprint0.Task3.V0.Test\Tyuiu.AsaulukDF.Sprint0.Task3.V0.Test.csproj", "{9D05AF72-9A14-4953-8E31-34BEC69E2570}"
EndProject
Project("{FAE04EC0-301F-11D3-BF4B-00C04F79EFBC}") = "Tyuiu.AsaulukDF.Sprint0.Task3.V0", "Tyuiu.AsaulukDF.Sprint0.Task3.V0\Tyuiu.AsaulukDF.Sprint0.Task3.V0.csproj", "{50E40412-7860-46B2-95C8-4F5F97C5C6D9}"
EndProject
Project("{2150E333-8FDC-42A3-9474-1A3956D46DE8}") = "Task4", "Task4", "{636EC625-7201-4085-9F4B-B67C3CC253DD}"
EndProject
Project("{FAE04EC0-301F-11D3-BF4B-00C04F79EFBC}") = "Tyuiu.AsaulukDF.Sprint0.Task4.V0", "Tyuiu.AsaulukDF.Sprint0.Task4.V0\Tyuiu.AsaulukDF.Sprint0.Task4.V0.csproj", "{2FF9A007-EF6B-4BFB-840D-58B37FE0A3D2}"
EndProject
Project("{FAE04EC0-301F-11D3-BF4B-00C04F79EFBC}") = "Tyuiu.AsaulukDF.Sprint0.Task4.V0.Lib", "Tyuiu.AsaulukDF.Sprint0.Task4.V0.Lib\Tyuiu.AsaulukDF.Sprint0.Task4.V0.Lib.csproj", "{F27CA31F-08FC-4B27-9A24-D73EB5D1BE82}"
EndProject
Project("{FAE04EC0-301F-11D3-BF4B-00C04F79EFBC}") = "Tyuiu.AsaulukDF.Sprint0.Task4.V0.Test", "Tyuiu.AsaulukDF.Sprint0.Task4.V0.Test\Tyuiu.AsaulukDF.Sprint0.Task4.V0.Test.csproj", "{F651392A-30CE-4360-BBE2-488EED328594}"
EndProject
Project("{2150E333-8FDC-42A3-9474-1A3956D46DE8}") = "Task5", "Task5", "{3A086744-B0D2-44B4-BB19-DC53DA90B5CF}"
EndProject
Project("{FAE04EC0-301F-11D3-BF4B-00C04F79EFBC}") = "Tyuiu.AsaulukDF.Sprint0.Task5.V0", "Tyuiu.AsaulukDF.Sprint0.Task5.V0\Tyuiu.AsaulukDF.Sprint0.Task5.V0.csproj", "{03FB6E2D-2EDE-4EB2-9D8D-96E9A4DA6046}"
EndProject
Project("{FAE04EC0-301F-11D3-BF4B-00C04F79EFBC}") = "Tyuiu.AsaulukDF.Sprint0.Task5.V0.Lib", "Tyuiu.AsaulukDF.Sprint0.Task5.V0.Lib\Tyuiu.AsaulukDF.Sprint0.Task5.V0.Lib.csproj", "{2E51559E-C9F2-4332-833F-20ED3B551A7B}"
EndProject
Project("{FAE04EC0-301F-11D3-BF4B-00C04F79EFBC}") = "Tyuiu.AsaulukDF.Sprint0.Task5.V0.Test", "Tyuiu.AsaulukDF.Sprint0.Task5.V0.Test\Tyuiu.AsaulukDF.Sprint0.Task5.V0.Test.csproj", "{0D2F3849-A7B0-408C-9A7A-BC165057BA54}"
EndProject
Project("{2150E333-8FDC-42A3-9474-1A3956D46DE8}") = "Task6", "Task6", "{992B6E5A-5829-44A2-9DCE-8413AB553963}"
EndProject
Project("{FAE04EC0-301F-11D3-BF4B-00C04F79EFBC}") = "Tyuiu.AsaulukDF.Sprint0.Task6.V0", "Tyuiu.AsaulukDF.Sprint0.Task6.V0\Tyuiu.AsaulukDF.Sprint0.Task6.V0.csproj", "{C033F93B-8717-4D8A-B9C2-FFEFB9349A29}"
EndProject
Project("{FAE04EC0-301F-11D3-BF4B-00C04F79EFBC}") = "Tyuiu.AsaulukDF.Sprint0.Task6.V0.Lib", "Tyuiu.AsaulukDF.Sprint0.Task6.V0.Lib\Tyuiu.AsaulukDF.Sprint0.Task6.V0.Lib.csproj", "{DA565B8C-8E43-48C1-ADC6-D292AFF7626F}"
EndProject
Project("{FAE04EC0-301F-11D3-BF4B-00C04F79EFBC}") = "Tyuiu.AsaulukDF.Sprint0.Task6.V0.Test", "Tyuiu.AsaulukDF.Sprint0.Task6.V0.Test\Tyuiu.AsaulukDF.Sprint0.Task6.V0.Test.csproj", "{7A232B44-D0BD-48EA-A1EA-540D2D511D74}"
EndProject
Project("{2150E333-8FDC-42A3-9474-1A3956D46DE8}") = "Task7", "Task7", "{EE9289CE-9070-4322-904C-F9C703502FF7}"
EndProject
Project("{FAE04EC0-301F-11D3-BF4B-00C04F79EFBC}") = "Tyuiu.AsaulukDF.Sprint0.Task7.V0", "Tyuiu.AsaulukDF.Sprint0.Task7.V0\Tyuiu.AsaulukDF.Sprint0.Task7.V0.csproj", "{F24C44B8-893C-434C-A753-7913CB6DB100}"
EndProject
Project("{FAE04EC0-301F-11D3-BF4B-00C04F79EFBC}") = "Tyuiu.AsaulukDF.Sprint0.Task7.V0.Lib", "Tyuiu.AsaulukDF.Sprint0.Task7.V0.Lib\Tyuiu.AsaulukDF.Sprint0.Task7.V0.Lib.csproj", "{B9B6955F-976C-4FD1-9C82-558087DFBF69}"
EndProject
Project("{FAE04EC0-301F-11D3-BF4B-00C04F79EFBC}") = "Tyuiu.AsaulukDF.Sprint0.Task7.V0.Test", "Tyuiu.AsaulukDF.Sprint0.Task7.V0.Test\Tyuiu.AsaulukDF.Sprint0.Task7.V0.Test.csproj", "{7BE84969-1B57-472D-8934-7AB7E5E98E79}"
EndProject
Global
	GlobalSection(SolutionConfigurationPlatforms) = preSolution
		Debug|Any CPU = Debug|Any CPU
		Release|Any CPU = Release|Any CPU
	EndGlobalSection
	GlobalSection(ProjectConfigurationPlatforms) = postSolution
		{D971EA37-3896-47B8-BD06-D65A60D09D9A}.Debug|Any CPU.ActiveCfg = Debug|Any CPU
		{D971EA37-3896-47B8-BD06-D65A60D09D9A}.Debug|Any CPU.Build.0 = Debug|Any CPU
		{D971EA37-3896-47B8-BD06-D65A60D09D9A}.Release|Any CPU.ActiveCfg = Release|Any CPU
		{D971EA37-3896-47B8-BD06-D65A60D09D9A}.Release|Any CPU.Build.0 = Release|Any CPU
		{0D0CB0A1-A731-444E-95FD-1FC501E949B8}.Debug|Any CPU.ActiveCfg = Debug|Any CPU
		{0D0CB0A1-A731-444E-95FD-1FC501E949B8}.Debug|Any CPU.Build.0 = Debug|Any CPU
		{0D0CB0A1-A731-444E-95FD-1FC501E949B8}.Release|Any CPU.ActiveCfg = Release|Any CPU
		{0D0CB0A1-A731-444E-95FD-1FC501E949B8}.Release|Any CPU.Build.0 = Release|Any CPU
		{11B88BBA-1B39-4088-8FCB-40F3E38BFBE3}.Debug|Any CPU.ActiveCfg = Debug|Any CPU
		{11B88BBA-1B39-4088-8FCB-40F3E38BFBE3}.Debug|Any CPU.Build.0 = Debug|Any CPU
		{11B88BBA-1B39-4088-8FCB-40F3E38BFBE3}.Release|Any CPU.ActiveCfg = Release|Any CPU
		{11B88BBA-1B39-4088-8FCB-40F3E38BFBE3}.Release|Any CPU.Build.0 = Release|Any CPU
		{F642FFC3-CB32-43A8-A535-B7EBBE2FD2C6}.Debug|Any CPU.ActiveCfg = Debug|Any CPU
		{F642FFC3-CB32-43A8-A535-B7EBBE2FD2C6}.Debug|Any CPU.Build.0 = Debug|Any CPU
		{F642FFC3-CB32-43A8-A535-B7EBBE2FD2C6}.Release|Any CPU.ActiveCfg = Release|Any CPU
		{F642FFC3-CB32-43A8-A535-B7EBBE2FD2C6}.Release|Any CPU.Build.0 = Release|Any CPU
		{906C4030-1C90-4804-B2D8-A1C63F5921F7}.Debug|Any CPU.ActiveCfg = Debug|Any CPU
		{906C4030-1C90-4804-B2D8-A1C63F5921F7}.Debug|Any CPU.Build.0 = Debug|Any CPU
		{906C4030-1C90-4804-B2D8-A1C63F5921F7}.Release|Any CPU.ActiveCfg = Release|Any CPU
		{906C4030-1C90-4804-B2D8-A1C63F5921F7}.Release|Any CPU.Build.0 = Release|Any CPU
		{8E0A90CC-F804-4100-99F3-D685436BCB76}.Debug|Any CPU.ActiveCfg = Debug|Any CPU
		{8E0A90CC-F804-4100-99F3-D685436BCB76}.Debug|Any CPU.Build.0 = Debug|Any CPU
		{8E0A90CC-F804-4100-99F3-D685436BCB76}.Release|Any CPU.ActiveCfg = Release|Any CPU
		{8E0A90CC-F804-4100-99F3-D685436BCB76}.Release|Any CPU.Build.0 = Release|Any CPU
		{9D05AF72-9A14-4953-8E31-34BEC69E2570}.Debug|Any CPU.ActiveCfg = Debug|Any CPU
		{9D05AF72-9A14-4953-8E31-34BEC69E2570}.Debug|Any CPU.Build.0 = Debug|Any CPU
		{9D05AF72-9A14-4953-8E31-34BEC69E2570}.Release|Any CPU.ActiveCfg = Release|Any CPU
		{9D05AF72-9A14-4953-8E31-34BEC69E2570}.Release|Any CPU.Build.0 = Release|Any CPU
		{50E40412-7860-46B2-95C8-4F5F97C5C6D9}.Debug|Any CPU.ActiveCfg = Debug|Any CPU
		{50E40412-7860-46B2-95C8-4F5F97C5C6D9}.Debug|Any CPU.Build.0 = Debug|Any CPU
		{50E40412-7860-46B2-95C8-4F5F97C5C6D9}.Release|Any CPU.ActiveCfg = Release|Any CPU
		{50E40412-7860-46B2-95C8-4F5F97C5C6D9}.Release|Any CPU.Build.0 = Release|Any CPU
		{2FF9A007-EF6B-4BFB-840D-58B37FE0A3D2}.Debug|Any CPU.ActiveCfg = Debug|Any CPU
		{2FF9A007-EF6B-4BFB-840D-58B37FE0A3D2}.Debug|Any CPU.Build.0 = Debug|Any CPU
		{2FF9A007-EF6B-4BFB-840D-58B37FE0A3D2}.Release|Any CPU.ActiveCfg = Release|Any CPU
		{2FF9A007-EF6B-4BFB-840D-58B37FE0A3D2}.Release|Any CPU.Build.0 = Release|Any CPU
		{F27CA31F-08FC-4B27-9A24-D73EB5D1BE82}.Debug|Any CPU.ActiveCfg = Debug|Any CPU
		{F27CA31F-08FC-4B27-9A24-D73EB5D1BE82}.Debug|Any CPU.Build.0 = Debug|Any CPU
		{F27CA31F-08FC-4B27-9A24-D73EB5D1BE82}.Release|Any CPU.ActiveCfg = Release|Any CPU
		{F27CA31F-08FC-4B27-9A24-D73EB5D1BE82}.Release|Any CPU.Build.0 = Release|Any CPU
		{F651392A-30CE-4360-BBE2-488EED328594}.Debug|Any CPU.ActiveCfg = Debug|Any CPU
		{F651392A-30CE-4360-BBE2-488EED328594}.Debug|Any CPU.Build.0 = Debug|Any CPU
		{F651392A-30CE-4360-BBE2-488EED328594}.Release|Any CPU.ActiveCfg = Release|Any CPU
		{F651392A-30CE-4360-BBE2-488EED328594}.Release|Any CPU.Build.0 = Release|Any CPU
		{03FB6E2D-2EDE-4EB2-9D8D-96E9A4DA6046}.Debug|Any CPU.ActiveCfg = Debug|Any CPU
		{03FB6E2D-2EDE-4EB2-9D8D-96E9A4DA6046}.Debug|Any CPU.Build.0 = Debug|Any CPU
		{03FB6E2D-2EDE-4EB2-9D8D-96E9A4DA6046}.Release|Any CPU.ActiveCfg = Release|Any CPU
		{03FB6E2D-2EDE-4EB2-9D8D-96E9A4DA6046}.Release|Any CPU.Build.0 = Release|Any CPU
		{2E51559E-C9F2-4332-833F-20ED3B551A7B}.Debug|Any CPU.ActiveCfg = Debug|Any CPU
		{2E51559E-C9F2-4332-833F-20ED3B551A7B}.Debug|Any CPU.Build.0 = Debug|Any CPU
		{2E51559E-C9F2-4332-833F-20ED3B551A7B}.Release|Any CPU.ActiveCfg = Release|Any CPU
		{2E51559E-C9F2-4332-833F-20ED3B551A7B}.Release|Any CPU.Build.0 = Release|Any CPU
		{0D2F3849-A7B0-408C-9A7A-BC165057BA54}.Debug|Any CPU.ActiveCfg = Debug|Any CPU
		{0D2F3849-A7B0-408C-9A7A-BC165057BA54}.Debug|Any CPU.Build.0 = Debug|Any CPU
		{0D2F3849-A7B0-408C-9A7A-BC165057BA54}.Release|Any CPU.ActiveCfg = Release|Any CPU
		{0D2F3849-A7B0-408C-9A7A-BC165057BA54}.Release|Any CPU.Build.0 = Release|Any CPU
		{C033F93B-8717-4D8A-B9C2-FFEFB9349A29}.Debug|Any CPU.ActiveCfg = Debug|Any CPU
		{C033F93B-8717-4D8A-B9C2-FFEFB9349A29}.Debug|Any CPU.Build.0 = Debug|Any CPU
		{C033F93B-8717-4D8A-B9C2-FFEFB9349A29}.Release|Any CPU.ActiveCfg = Release|Any CPU
		{C033F93B-8717-4D8A-B9C2-FFEFB9349A29}.Release|Any CPU.Build.0 = Release|Any CPU
		{DA565B8C-8E43-48C1-ADC6-D292AFF7626F}.Debug|Any CPU.ActiveCfg = Debug|Any CPU
		{DA565B8C-8E43-48C1-ADC6-D292AFF7626F}.Debug|Any CPU.Build.0 = Debug|Any CPU
		{DA565B8C-8E43-48C1-ADC6-D292AFF7626F}.Release|Any CPU.ActiveCfg = Release|Any CPU
		{DA565B8C-8E43-48C1-ADC6-D292AFF7626F}.Release|Any CPU.Build.0 = Release|Any CPU
		{7A232B44-D0BD-48EA-A1EA-540D2D511D74}.Debug|Any CPU.ActiveCfg = Debug|Any CPU
		{7A232B44-D0BD-48EA-A1EA-540D2D511D74}.Debug|Any CPU.Build.0 = Debug|Any CPU
		{7A232B44-D0BD-48EA-A1EA-540D2D511D74}.Release|Any CPU.ActiveCfg = Release|Any CPU
		{7A232B44-D0BD-48EA-A1EA-540D2D511D74}.Release|Any CPU.Build.0 = Release|Any CPU
		{F24C44B8-893C-434C-A753-7913CB6DB100}.Debug|Any CPU.ActiveCfg = Debug|Any CPU
		{F24C44B8-893C-434C-A753-7913CB6DB100}.Debug|Any CPU.Build.0 = Debug|Any CPU
		{F24C44B8-893C-434C-A753-7913CB6DB100}.Release|Any CPU.ActiveCfg = Release|Any CPU
		{F24C44B8-893C-434C-A753-7913CB6DB100}.Release|Any CPU.Build.0 = Release|Any CPU
		{B9B6955F-976C-4FD1-9C82-558087DFBF69}.Debug|Any CPU.ActiveCfg = Debug|Any CPU
		{B9B6955F-976C-4FD1-9C82-558087DFBF69}.Debug|Any CPU.Build.0 = Debug|Any CPU
		{B9B6955F-976C-4FD1-9C82-558087DFBF69}.Release|Any CPU.ActiveCfg = Release|Any CPU
		{B9B6955F-976C-4FD1-9C82-558087DFBF69}.Release|Any CPU.Build.0 = Release|Any CPU
		{7BE84969-1B57-472D-8934-7AB7E5E98E79}.Debug|Any CPU.ActiveCfg = Debug|Any CPU
		{7BE84969-1B57-472D-8934-7AB7E5E98E79}.Debug|Any CPU.Build.0 = Debug|Any CPU
		{7BE84969-1B57-472D-8934-7AB7E5E98E79}.Release|Any CPU.ActiveCfg = Release|Any CPU
		{7BE84969-1B57-472D-8934-7AB7E5E98E79}.Release|Any CPU.Build.0 = Release|Any CPU
	EndGlobalSection
	GlobalSection(NestedProjects) = preSolution
		{D971EA37-3896-47B8-BD06-D65A60D09D9A} = {D617A409-5E98-4F18-9AE3-2017542F9063}
		{0D0CB0A1-A731-444E-95FD-1FC501E949B8} = {E275C187-8208-4D7B-A703-55944E3022C2}
		{11B88BBA-1B39-4088-8FCB-40F3E38BFBE3} = {82FDCC3B-B576-4DE7-BF81-AB18A1AEC535}
		{F642FFC3-CB32-43A8-A535-B7EBBE2FD2C6} = {82FDCC3B-B576-4DE7-BF81-AB18A1AEC535}
		{906C4030-1C90-4804-B2D8-A1C63F5921F7} = {82FDCC3B-B576-4DE7-BF81-AB18A1AEC535}
		{8E0A90CC-F804-4100-99F3-D685436BCB76} = {3AD84645-52B2-4F59-8ED2-FB764660F635}
		{9D05AF72-9A14-4953-8E31-34BEC69E2570} = {3AD84645-52B2-4F59-8ED2-FB764660F635}
		{50E40412-7860-46B2-95C8-4F5F97C5C6D9} = {3AD84645-52B2-4F59-8ED2-FB764660F635}
		{2FF9A007-EF6B-4BFB-840D-58B37FE0A3D2} = {636EC625-7201-4085-9F4B-B67C3CC253DD}
		{F27CA31F-08FC-4B27-9A24-D73EB5D1BE82} = {636EC625-7201-4085-9F4B-B67C3CC253DD}
		{F651392A-30CE-4360-BBE2-488EED328594} = {636EC625-7201-4085-9F4B-B67C3CC253DD}
		{03FB6E2D-2EDE-4EB2-9D8D-96E9A4DA6046} = {3A086744-B0D2-44B4-BB19-DC53DA90B5CF}
		{2E51559E-C9F2-4332-833F-20ED3B551A7B} = {3A086744-B0D2-44B4-BB19-DC53DA90B5CF}
		{0D2F3849-A7B0-408C-9A7A-BC165057BA54} = {3A086744-B0D2-44B4-BB19-DC53DA90B5CF}
		{C033F93B-8717-4D8A-B9C2-FFEFB9349A29} = {992B6E5A-5829-44A2-9DCE-8413AB553963}
		{DA565B8C-8E43-48C1-ADC6-D292AFF7626F} = {992B6E5A-5829-44A2-9DCE-8413AB553963}
		{7A232B44-D0BD-48EA-A1EA-540D2D511D74} = {992B6E5A-5829-44A2-9DCE-8413AB553963}
		{F24C44B8-893C-434C-A753-7913CB6DB100} = {EE9289CE-9070-4322-904C-F9C703502FF7}
		{B9B6955F-976C-4FD1-9C82-558087DFBF69} = {EE9289CE-9070-4322-904C-F9C703502FF7}
		{7BE84969-1B57-472D-8934-7AB7E5E98E79} = {EE9289CE-9070-4322-904C-F9C703502FF7}
	EndGlobalSection
EndGlobal
